
Microsoft Visual Studio Solution File, Format Version 10.00
# Visual Studio 2008
Project("{6989167D-11E4-40FE-8C1A-2192A86A7E90}") = "main2a", "main2a\main2a.vfproj", "{4B730F7D-EEF4-4624-B626-65E353929F1A}"
EndProject
Global
	GlobalSection(SolutionConfigurationPlatforms) = preSolution
		Debug|Win32 = Debug|Win32
		Release|Win32 = Release|Win32
	EndGlobalSection
	GlobalSection(ProjectConfigurationPlatforms) = postSolution
		{4B730F7D-EEF4-4624-B626-65E353929F1A}.Debug|Win32.ActiveCfg = Debug|Win32
		{4B730F7D-EEF4-4624-B626-65E353929F1A}.Debug|Win32.Build.0 = Debug|Win32
		{4B730F7D-EEF4-4624-B626-65E353929F1A}.Release|Win32.ActiveCfg = Release|Win32
		{4B730F7D-EEF4-4624-B626-65E353929F1A}.Release|Win32.Build.0 = Release|Win32
	EndGlobalSection
	GlobalSection(SolutionProperties) = preSolution
		HideSolutionNode = FALSE
	EndGlobalSection
EndGlobal
